
Microsoft Visual Studio Solution File, Format Version 12.00
# Visual Studio Version 17
VisualStudioVersion = 17.0.31903.59
MinimumVisualStudioVersion = 10.0.40219.1
Project("{2150E333-8FDC-42A3-9474-1A3956D46DE8}") = "src", "src", "{B3412018-F819-444B-B9D4-A13E1922C016}"
EndProject
Project("{F2A71F9B-5D33-465A-A702-920D77279786}") = "main", "src\main\main.fsproj", "{2D31C671-1F56-4E27-8C2A-8EF86500DA32}"
EndProject
Project("{2150E333-8FDC-42A3-9474-1A3956D46DE8}") = "tests", "tests", "{AC4B717C-492F-4B41-9364-3906BB90EA6D}"
EndProject
Project("{F2A71F9B-5D33-465A-A702-920D77279786}") = "MyTests", "tests\MyTests\MyTests.fsproj", "{03740452-F53C-4624-980C-59AAEAE5DE18}"
EndProject
Global
	GlobalSection(SolutionConfigurationPlatforms) = preSolution
		Debug|Any CPU = Debug|Any CPU
		Release|Any CPU = Release|Any CPU
	EndGlobalSection
	GlobalSection(SolutionProperties) = preSolution
		HideSolutionNode = FALSE
	EndGlobalSection
	GlobalSection(ProjectConfigurationPlatforms) = postSolution
		{2D31C671-1F56-4E27-8C2A-8EF86500DA32}.Debug|Any CPU.ActiveCfg = Debug|Any CPU
		{2D31C671-1F56-4E27-8C2A-8EF86500DA32}.Debug|Any CPU.Build.0 = Debug|Any CPU
		{2D31C671-1F56-4E27-8C2A-8EF86500DA32}.Release|Any CPU.ActiveCfg = Release|Any CPU
		{2D31C671-1F56-4E27-8C2A-8EF86500DA32}.Release|Any CPU.Build.0 = Release|Any CPU
		{03740452-F53C-4624-980C-59AAEAE5DE18}.Debug|Any CPU.ActiveCfg = Debug|Any CPU
		{03740452-F53C-4624-980C-59AAEAE5DE18}.Debug|Any CPU.Build.0 = Debug|Any CPU
		{03740452-F53C-4624-980C-59AAEAE5DE18}.Release|Any CPU.ActiveCfg = Release|Any CPU
		{03740452-F53C-4624-980C-59AAEAE5DE18}.Release|Any CPU.Build.0 = Release|Any CPU
	EndGlobalSection
	GlobalSection(NestedProjects) = preSolution
		{2D31C671-1F56-4E27-8C2A-8EF86500DA32} = {B3412018-F819-444B-B9D4-A13E1922C016}
		{03740452-F53C-4624-980C-59AAEAE5DE18} = {AC4B717C-492F-4B41-9364-3906BB90EA6D}
	EndGlobalSection
EndGlobal
